# Generated by buf. DO NOT EDIT.
version: v2
deps:
  - name: buf.build/bufbuild/protovalidate
    commit: d39267d9df8f4053bbac6b956a23169f
    digest: b5:c2542c2e9935dd9a7f12ef79f76aa5b53cf1c8312d720da54e03953f27ad952e2b439cbced06e3b4069e466bd9b64019cf9f687243ad51aa5dc2b5f364fac71e
  - name: buf.build/googleapis/googleapis
    commit: 546238c53f7340c6a2a6099fb863bc1b
    digest: b5:e017bbf31a3f912e2b969c03c3aa711f466cfe104f510865d1a8ede1be490240aabd4cca5865459a0f15222747284395f98afc094b0fd086e8917a5a7bdd9db0
  - name: buf.build/grpc-ecosystem/grpc-gateway
    commit: 4c5ba75caaf84e928b7137ae5c18c26a
    digest: b5:c113e62fb3b29289af785866cae062b55ec8ae19ab3f08f3004098928fbca657730a06810b2012951294326b95669547194fa84476b9e9b688d4f8bf77a0691d
