{
  "name": "cat-videos-example",
  "lockfileVersion": 2,
  "requires": true,
  "packages": {
    "": {
      "dependencies": {
        "@ory/keto-namespace-types": "file:../namespace-type-lib"
      }
    },
    "../namespace-type-lib": {
      "version": "0.9.0-alpha.0",
      "devDependencies": {
        "@ory/keto-namespace-types": "file:./",
        "typescript": "^4.7.4"
      }
    },
    "node_modules/@ory/keto-namespace-types": {
      "resolved": "../namespace-type-lib",
      "link": true
    }
  },
  "dependencies": {
    "@ory/keto-namespace-types": {
      "version": "file:../namespace-type-lib",
      "requires": {
        "@ory/keto-namespace-types": "file:",
        "typescript": "^4.7.4"
      }
    }
  }
}
