d6577f4bf64b51e66edbdfc9cd2708ef295ddb0f8e56b62dc2d1ab78fefaf0c0  ./.bin/buf
ca1ff2f5e36d96af5759be4f52c585f6c27d81a10ad3f5ad467a143be8b07e81  ./.bin/clidoc
0f53e9bb1e15b4f147162fc928c3679ccbc8dbf8de33c5f514f64886fd97617e  ./.bin/dependencies.sha256.lock
096992dc74fc8d03445a6c016c90249c3fa6f3fdf38a454110d386c973c3ebd4  ./.bin/goimports
3bc623bf467f093c2658440aeb333a395c8558bb96f63ad6bcc9c75f8a0ccb40  ./.bin/go.mod
fc9306a59b9d8a9d7c0fd139dc4a6059e07cb40aa1134b96a04dd1e49950532b  ./.bin/go.sum
bd70e3644b7b8aae4cf35de663bebdd949c95064b7898b7820bc008d4e04e6e4  ./.bin/grype
5e8f569d590696bd9af631ad93c733da55bf35cbbca4fe1010f7fde085e64dc3  ./.bin/indirect_pins.go
9b650ab28dd0287d84947edeba8eab9222d392f36a4440157350ab2031701dfb  ./.bin/jd
936188f3c66cf16ac9fad287f5f45f60dd7a802c7a8d014001a58be708f40572  ./.bin/ory
7bf21b9e0a5390dbebe784a4aca1d64683af157b5a22847369737509e8e6cf30  ./.bin/protoc
ba285b18e1dc3c5b7762cf6e49c98b8a7cd3399c0970a3acc27d26336882411f  ./.bin/protoc-gen-doc
3b998d2671ec85e10813e2ce0fd26483a451f1d5dfad3ac9dc862ae5f688ddd3  ./.bin/protoc-gen-go
f4dab3f08aaf3c3cd0ed6e51c1212cf637b21c35d1475b07f7a98b38349e5e16  ./.bin/protoc-gen-go-grpc
0c022d3154048fa42be916c758f91123486d67d44d4ef02dcd242d46cf313a35  ./.bin/protoc-gen-js
9922f08be225f775f9312540a2c88780ee12986b8b48910764b97f31b2ade1d2  ./.bin/stringer
73dc1bad84c26ad5e44d85ccff89a26efccf422ef7f291f01ae6dc11b3b22d31  ./.bin/swagger
4260d7045a1dc2b05188c484d77589d111eb017ce9c8a55430c034ac196a57ad  ./.bin/trivy
