{
  "name": "@ory/keto-namespace-types",
  "version": "0.9.0-alpha.0",
  "lockfileVersion": 2,
  "requires": true,
  "dev": true,
  "packages": {
    "": {
      "name": "@ory/keto-namespace-types",
      "version": "0.9.0-alpha.0",
      "dev": true,
      "devDependencies": {
        "@ory/keto-namespace-types": "file:./",
        "typescript": "^4.7.4"
      }
    },
    "node_modules/@ory/keto-namespace-types": {
      "resolved": "",
      "link": true
    },
    "node_modules/typescript": {
      "version": "4.7.4",
      "resolved": "https://registry.npmjs.org/typescript/-/typescript-4.7.4.tgz",
      "integrity": "sha512-C0WQT0gezHuw6AdY1M2jxUO83Rjf0HP7Sk1DtXj6j1EwkQNZrHAg2XPWlq62oqEhYvONq5pkC2Y9oPljWToLmQ==",
      "dev": true,
      "bin": {
        "tsc": "bin/tsc",
        "tsserver": "bin/tsserver"
      },
      "engines": {
        "node": ">=4.2.0"
      }
    }
  },
  "dependencies": {
    "@ory/keto-namespace-types": {
      "version": "file:",
      "requires": {
        "@ory/keto-namespace-types": "file:",
        "typescript": "^4.7.4"
      },
      "dependencies": {
        "typescript": {
          "version": "4.7.4",
          "resolved": "https://registry.npmjs.org/typescript/-/typescript-4.7.4.tgz",
          "integrity": "sha512-C0WQT0gezHuw6AdY1M2jxUO83Rjf0HP7Sk1DtXj6j1EwkQNZrHAg2XPWlq62oqEhYvONq5pkC2Y9oPljWToLmQ==",
          "dev": true
        }
      }
    },
    "typescript": {
      "version": "4.7.4",
      "resolved": "https://registry.npmjs.org/typescript/-/typescript-4.7.4.tgz",
      "integrity": "sha512-C0WQT0gezHuw6AdY1M2jxUO83Rjf0HP7Sk1DtXj6j1EwkQNZrHAg2XPWlq62oqEhYvONq5pkC2Y9oPljWToLmQ==",
      "dev": true
    }
  }
}
