# Generated by buf. DO NOT EDIT.
version: v1
deps:
  - remote: buf.build
    owner: bufbuild
    repository: protovalidate
    commit: d39267d9df8f4053bbac6b956a23169f
    digest: shake256:bfb2a6f67179429b8fec30ddd03fc42538cc4d2d207e3c89e325de75fd3716335be06114666d2dd0a099eaf37cbc685c5d1b1a347537af74017e780280e64a9c
  - remote: buf.build
    owner: googleapis
    repository: googleapis
    commit: 546238c53f7340c6a2a6099fb863bc1b
    digest: shake256:8d75c12f391e392b24c076d05117b47aeddb090add99c70247a8f4389b906a65f61a933c68e54ed8b73a050b967b6b712ba194348b67c3ab3ee26cc2cb25852c
  - remote: buf.build
    owner: grpc-ecosystem
    repository: grpc-gateway
    commit: 4c5ba75caaf84e928b7137ae5c18c26a
    digest: shake256:e174ad9408f3e608f6157907153ffec8d310783ee354f821f57178ffbeeb8faa6bb70b41b61099c1783c82fe16210ebd1279bc9c9ee6da5cffba9f0e675b8b99
