# Generated by buf. DO NOT EDIT.
version: v1
deps:
  - remote: buf.build
    owner: bufbuild
    repository: protovalidate
    commit: a3320276596649bcad929ac829d451f4
    digest: shake256:a6e5f64fd3fd47e3e8568e9753f59a1566f56c11ec055baf65463d3bca3499f6f16c2d6f5628fa41cfd0f4fa7e72abe65be4efd77d269749492472ed4cc4070d
  - remote: buf.build
    owner: googleapis
    repository: googleapis
    commit: e93e34f48be043dab55be31b4b47f458
    digest: shake256:93dbe51c27606999eef918360df509485a4d272e79aaed6d0016940379a9b06d316fc5228b7b50cca94bb310f34c5fc5955ce7474f655f0d0a224c4121dda3c1
  - remote: buf.build
    owner: grpc-ecosystem
    repository: grpc-gateway
    commit: 4c5ba75caaf84e928b7137ae5c18c26a
    digest: shake256:e174ad9408f3e608f6157907153ffec8d310783ee354f821f57178ffbeeb8faa6bb70b41b61099c1783c82fe16210ebd1279bc9c9ee6da5cffba9f0e675b8b99
