{
  "name": "@ory/keto-grpc-client",
  "version": "0.12.0-alpha.1",
  "lockfileVersion": 2,
  "requires": true,
  "packages": {
    "": {
      "name": "@ory/keto-grpc-client",
      "version": "0.12.0-alpha.1",
      "dependencies": {
        "@bufbuild/buf": "1.29.0",
        "@bufbuild/protobuf": "1.7.2",
        "@bufbuild/protoc-gen-es": "1.7.2",
        "nice-grpc-common": "2.0.2"
      }
    },
    "node_modules/@bufbuild/buf": {
      "version": "1.29.0",
      "resolved": "https://registry.npmjs.org/@bufbuild/buf/-/buf-1.29.0.tgz",
      "integrity": "sha512-euksXeFtvlvAV5j94LqXb69qQcJvFfo8vN1d3cx+IzhOKoipykuQQTq7mOWVo2R0kdk6yIMBLBofOYOsh0Df8g==",
      "hasInstallScript": true,
      "bin": {
        "buf": "bin/buf",
        "protoc-gen-buf-breaking": "bin/protoc-gen-buf-breaking",
        "protoc-gen-buf-lint": "bin/protoc-gen-buf-lint"
      },
      "engines": {
        "node": ">=12"
      },
      "optionalDependencies": {
        "@bufbuild/buf-darwin-arm64": "1.29.0",
        "@bufbuild/buf-darwin-x64": "1.29.0",
        "@bufbuild/buf-linux-aarch64": "1.29.0",
        "@bufbuild/buf-linux-x64": "1.29.0",
        "@bufbuild/buf-win32-arm64": "1.29.0",
        "@bufbuild/buf-win32-x64": "1.29.0"
      }
    },
    "node_modules/@bufbuild/buf-darwin-arm64": {
      "version": "1.29.0",
      "resolved": "https://registry.npmjs.org/@bufbuild/buf-darwin-arm64/-/buf-darwin-arm64-1.29.0.tgz",
      "integrity": "sha512-5hKxsARoY2WpWq1n5ONFqqGuauHb4yILKXCy37KRYCKiRLWmIP5yI3gWvWHKoH7sUJWTQmBqdJoCvYQr6ahQnw==",
      "cpu": [
        "arm64"
      ],
      "optional": true,
      "os": [
        "darwin"
      ],
      "engines": {
        "node": ">=12"
      }
    },
    "node_modules/@bufbuild/buf-darwin-x64": {
      "version": "1.29.0",
      "resolved": "https://registry.npmjs.org/@bufbuild/buf-darwin-x64/-/buf-darwin-x64-1.29.0.tgz",
      "integrity": "sha512-wOAPxbPLBns4AHiComWtdO1sx1J1p6mDYTbqmloHuI+B5U2rDbMsoHoe4nBcoMF8+RHxoqjypha29wVo6yzbZg==",
      "cpu": [
        "x64"
      ],
      "optional": true,
      "os": [
        "darwin"
      ],
      "engines": {
        "node": ">=12"
      }
    },
    "node_modules/@bufbuild/buf-linux-aarch64": {
      "version": "1.29.0",
      "resolved": "https://registry.npmjs.org/@bufbuild/buf-linux-aarch64/-/buf-linux-aarch64-1.29.0.tgz",
      "integrity": "sha512-jLk2J/wyyM7KNJ/DkLfhy3eS2/Bdb70e/56adMkapSoLJmghnpgxW+oFznMxxQUX5I9BU5hTn1UhDFxgLwhP7g==",
      "cpu": [
        "arm64"
      ],
      "optional": true,
      "os": [
        "linux"
      ],
      "engines": {
        "node": ">=12"
      }
    },
    "node_modules/@bufbuild/buf-linux-x64": {
      "version": "1.29.0",
      "resolved": "https://registry.npmjs.org/@bufbuild/buf-linux-x64/-/buf-linux-x64-1.29.0.tgz",
      "integrity": "sha512-heLOywj3Oaoh69RnTx7tHsuz6rEnvz77bghLEOghsrjBR6Jcpcwc137EZR4kRTIWJNrE8Kmo3RVeXlv144qQIQ==",
      "cpu": [
        "x64"
      ],
      "optional": true,
      "os": [
        "linux"
      ],
      "engines": {
        "node": ">=12"
      }
    },
    "node_modules/@bufbuild/buf-win32-arm64": {
      "version": "1.29.0",
      "resolved": "https://registry.npmjs.org/@bufbuild/buf-win32-arm64/-/buf-win32-arm64-1.29.0.tgz",
      "integrity": "sha512-Eglyvr3PLqVucuHBcQ61conyBgH9BRaoLpKWcce1gYBVlxMQM1NxjVjGOWihxQ1dXXw5qZXmYfVODf3gSwPMuQ==",
      "cpu": [
        "arm64"
      ],
      "optional": true,
      "os": [
        "win32"
      ],
      "engines": {
        "node": ">=12"
      }
    },
    "node_modules/@bufbuild/buf-win32-x64": {
      "version": "1.29.0",
      "resolved": "https://registry.npmjs.org/@bufbuild/buf-win32-x64/-/buf-win32-x64-1.29.0.tgz",
      "integrity": "sha512-wRk6co+nqHqEq4iLolXgej0jUVlWlTtGHjKaq54lTbKZrwxrBgql6qS06abgNPRASX0++XT9m3QRZ97qEIC/HQ==",
      "cpu": [
        "x64"
      ],
      "optional": true,
      "os": [
        "win32"
      ],
      "engines": {
        "node": ">=12"
      }
    },
    "node_modules/@bufbuild/protobuf": {
      "version": "1.7.2",
      "resolved": "https://registry.npmjs.org/@bufbuild/protobuf/-/protobuf-1.7.2.tgz",
      "integrity": "sha512-i5GE2Dk5ekdlK1TR7SugY4LWRrKSfb5T1Qn4unpIMbfxoeGKERKQ59HG3iYewacGD10SR7UzevfPnh6my4tNmQ=="
    },
    "node_modules/@bufbuild/protoc-gen-es": {
      "version": "1.7.2",
      "resolved": "https://registry.npmjs.org/@bufbuild/protoc-gen-es/-/protoc-gen-es-1.7.2.tgz",
      "integrity": "sha512-yiRk/T+YGmpSVvIkybCjPt+QyM/pLWMO+MAiz6auvCsiAgfXfc5nFFosD4yBYXID55M6eIkgBcity1AoJ6I30A==",
      "dependencies": {
        "@bufbuild/protobuf": "^1.7.2",
        "@bufbuild/protoplugin": "1.7.2"
      },
      "bin": {
        "protoc-gen-es": "bin/protoc-gen-es"
      },
      "engines": {
        "node": ">=14"
      },
      "peerDependencies": {
        "@bufbuild/protobuf": "1.7.2"
      },
      "peerDependenciesMeta": {
        "@bufbuild/protobuf": {
          "optional": true
        }
      }
    },
    "node_modules/@bufbuild/protoplugin": {
      "version": "1.7.2",
      "resolved": "https://registry.npmjs.org/@bufbuild/protoplugin/-/protoplugin-1.7.2.tgz",
      "integrity": "sha512-N3QtO8XWD4F4alMtASWtxBw6BWXp4aLz7rPBXH4KTULdjpUHnq46g15TsrG0/8szZw6pIklTO3lFe14dl6ZYdA==",
      "dependencies": {
        "@bufbuild/protobuf": "1.7.2",
        "@typescript/vfs": "^1.4.0",
        "typescript": "4.5.2"
      }
    },
    "node_modules/@typescript/vfs": {
      "version": "1.5.0",
      "resolved": "https://registry.npmjs.org/@typescript/vfs/-/vfs-1.5.0.tgz",
      "integrity": "sha512-AJS307bPgbsZZ9ggCT3wwpg3VbTKMFNHfaY/uF0ahSkYYrPF2dSSKDNIDIQAHm9qJqbLvCsSJH7yN4Vs/CsMMg==",
      "dependencies": {
        "debug": "^4.1.1"
      }
    },
    "node_modules/debug": {
      "version": "4.3.4",
      "resolved": "https://registry.npmjs.org/debug/-/debug-4.3.4.tgz",
      "integrity": "sha512-PRWFHuSU3eDtQJPvnNY7Jcket1j0t5OuOsFzPPzsekD52Zl8qUfFIPEiswXqIvHWGVHOgX+7G/vCNNhehwxfkQ==",
      "dependencies": {
        "ms": "2.1.2"
      },
      "engines": {
        "node": ">=6.0"
      },
      "peerDependenciesMeta": {
        "supports-color": {
          "optional": true
        }
      }
    },
    "node_modules/ms": {
      "version": "2.1.2",
      "resolved": "https://registry.npmjs.org/ms/-/ms-2.1.2.tgz",
      "integrity": "sha512-sGkPx+VjMtmA6MX27oA4FBFELFCZZ4S4XqeGOXCv68tT+jb3vk/RyaKWP0PTKyWtmLSM0b+adUTEvbs1PEaH2w=="
    },
    "node_modules/nice-grpc-common": {
      "version": "2.0.2",
      "resolved": "https://registry.npmjs.org/nice-grpc-common/-/nice-grpc-common-2.0.2.tgz",
      "integrity": "sha512-7RNWbls5kAL1QVUOXvBsv1uO0wPQK3lHv+cY1gwkTzirnG1Nop4cBJZubpgziNbaVc/bl9QJcyvsf/NQxa3rjQ==",
      "dependencies": {
        "ts-error": "^1.0.6"
      }
    },
    "node_modules/ts-error": {
      "version": "1.0.6",
      "resolved": "https://registry.npmjs.org/ts-error/-/ts-error-1.0.6.tgz",
      "integrity": "sha512-tLJxacIQUM82IR7JO1UUkKlYuUTmoY9HBJAmNWFzheSlDS5SPMcNIepejHJa4BpPQLAcbRhRf3GDJzyj6rbKvA=="
    },
    "node_modules/typescript": {
      "version": "4.5.2",
      "resolved": "https://registry.npmjs.org/typescript/-/typescript-4.5.2.tgz",
      "integrity": "sha512-5BlMof9H1yGt0P8/WF+wPNw6GfctgGjXp5hkblpyT+8rkASSmkUKMXrxR0Xg8ThVCi/JnHQiKXeBaEwCeQwMFw==",
      "bin": {
        "tsc": "bin/tsc",
        "tsserver": "bin/tsserver"
      },
      "engines": {
        "node": ">=4.2.0"
      }
    }
  },
  "dependencies": {
    "@bufbuild/buf": {
      "version": "1.29.0",
      "resolved": "https://registry.npmjs.org/@bufbuild/buf/-/buf-1.29.0.tgz",
      "integrity": "sha512-euksXeFtvlvAV5j94LqXb69qQcJvFfo8vN1d3cx+IzhOKoipykuQQTq7mOWVo2R0kdk6yIMBLBofOYOsh0Df8g==",
      "requires": {
        "@bufbuild/buf-darwin-arm64": "1.29.0",
        "@bufbuild/buf-darwin-x64": "1.29.0",
        "@bufbuild/buf-linux-aarch64": "1.29.0",
        "@bufbuild/buf-linux-x64": "1.29.0",
        "@bufbuild/buf-win32-arm64": "1.29.0",
        "@bufbuild/buf-win32-x64": "1.29.0"
      }
    },
    "@bufbuild/buf-darwin-arm64": {
      "version": "1.29.0",
      "resolved": "https://registry.npmjs.org/@bufbuild/buf-darwin-arm64/-/buf-darwin-arm64-1.29.0.tgz",
      "integrity": "sha512-5hKxsARoY2WpWq1n5ONFqqGuauHb4yILKXCy37KRYCKiRLWmIP5yI3gWvWHKoH7sUJWTQmBqdJoCvYQr6ahQnw==",
      "optional": true
    },
    "@bufbuild/buf-darwin-x64": {
      "version": "1.29.0",
      "resolved": "https://registry.npmjs.org/@bufbuild/buf-darwin-x64/-/buf-darwin-x64-1.29.0.tgz",
      "integrity": "sha512-wOAPxbPLBns4AHiComWtdO1sx1J1p6mDYTbqmloHuI+B5U2rDbMsoHoe4nBcoMF8+RHxoqjypha29wVo6yzbZg==",
      "optional": true
    },
    "@bufbuild/buf-linux-aarch64": {
      "version": "1.29.0",
      "resolved": "https://registry.npmjs.org/@bufbuild/buf-linux-aarch64/-/buf-linux-aarch64-1.29.0.tgz",
      "integrity": "sha512-jLk2J/wyyM7KNJ/DkLfhy3eS2/Bdb70e/56adMkapSoLJmghnpgxW+oFznMxxQUX5I9BU5hTn1UhDFxgLwhP7g==",
      "optional": true
    },
    "@bufbuild/buf-linux-x64": {
      "version": "1.29.0",
      "resolved": "https://registry.npmjs.org/@bufbuild/buf-linux-x64/-/buf-linux-x64-1.29.0.tgz",
      "integrity": "sha512-heLOywj3Oaoh69RnTx7tHsuz6rEnvz77bghLEOghsrjBR6Jcpcwc137EZR4kRTIWJNrE8Kmo3RVeXlv144qQIQ==",
      "optional": true
    },
    "@bufbuild/buf-win32-arm64": {
      "version": "1.29.0",
      "resolved": "https://registry.npmjs.org/@bufbuild/buf-win32-arm64/-/buf-win32-arm64-1.29.0.tgz",
      "integrity": "sha512-Eglyvr3PLqVucuHBcQ61conyBgH9BRaoLpKWcce1gYBVlxMQM1NxjVjGOWihxQ1dXXw5qZXmYfVODf3gSwPMuQ==",
      "optional": true
    },
    "@bufbuild/buf-win32-x64": {
      "version": "1.29.0",
      "resolved": "https://registry.npmjs.org/@bufbuild/buf-win32-x64/-/buf-win32-x64-1.29.0.tgz",
      "integrity": "sha512-wRk6co+nqHqEq4iLolXgej0jUVlWlTtGHjKaq54lTbKZrwxrBgql6qS06abgNPRASX0++XT9m3QRZ97qEIC/HQ==",
      "optional": true
    },
    "@bufbuild/protobuf": {
      "version": "1.7.2",
      "resolved": "https://registry.npmjs.org/@bufbuild/protobuf/-/protobuf-1.7.2.tgz",
      "integrity": "sha512-i5GE2Dk5ekdlK1TR7SugY4LWRrKSfb5T1Qn4unpIMbfxoeGKERKQ59HG3iYewacGD10SR7UzevfPnh6my4tNmQ=="
    },
    "@bufbuild/protoc-gen-es": {
      "version": "1.7.2",
      "resolved": "https://registry.npmjs.org/@bufbuild/protoc-gen-es/-/protoc-gen-es-1.7.2.tgz",
      "integrity": "sha512-yiRk/T+YGmpSVvIkybCjPt+QyM/pLWMO+MAiz6auvCsiAgfXfc5nFFosD4yBYXID55M6eIkgBcity1AoJ6I30A==",
      "requires": {
        "@bufbuild/protobuf": "^1.7.2",
        "@bufbuild/protoplugin": "1.7.2"
      }
    },
    "@bufbuild/protoplugin": {
      "version": "1.7.2",
      "resolved": "https://registry.npmjs.org/@bufbuild/protoplugin/-/protoplugin-1.7.2.tgz",
      "integrity": "sha512-N3QtO8XWD4F4alMtASWtxBw6BWXp4aLz7rPBXH4KTULdjpUHnq46g15TsrG0/8szZw6pIklTO3lFe14dl6ZYdA==",
      "requires": {
        "@bufbuild/protobuf": "1.7.2",
        "@typescript/vfs": "^1.4.0",
        "typescript": "4.5.2"
      }
    },
    "@typescript/vfs": {
      "version": "1.5.0",
      "resolved": "https://registry.npmjs.org/@typescript/vfs/-/vfs-1.5.0.tgz",
      "integrity": "sha512-AJS307bPgbsZZ9ggCT3wwpg3VbTKMFNHfaY/uF0ahSkYYrPF2dSSKDNIDIQAHm9qJqbLvCsSJH7yN4Vs/CsMMg==",
      "requires": {
        "debug": "^4.1.1"
      }
    },
    "debug": {
      "version": "4.3.4",
      "resolved": "https://registry.npmjs.org/debug/-/debug-4.3.4.tgz",
      "integrity": "sha512-PRWFHuSU3eDtQJPvnNY7Jcket1j0t5OuOsFzPPzsekD52Zl8qUfFIPEiswXqIvHWGVHOgX+7G/vCNNhehwxfkQ==",
      "requires": {
        "ms": "2.1.2"
      }
    },
    "ms": {
      "version": "2.1.2",
      "resolved": "https://registry.npmjs.org/ms/-/ms-2.1.2.tgz",
      "integrity": "sha512-sGkPx+VjMtmA6MX27oA4FBFELFCZZ4S4XqeGOXCv68tT+jb3vk/RyaKWP0PTKyWtmLSM0b+adUTEvbs1PEaH2w=="
    },
    "nice-grpc-common": {
      "version": "2.0.2",
      "resolved": "https://registry.npmjs.org/nice-grpc-common/-/nice-grpc-common-2.0.2.tgz",
      "integrity": "sha512-7RNWbls5kAL1QVUOXvBsv1uO0wPQK3lHv+cY1gwkTzirnG1Nop4cBJZubpgziNbaVc/bl9QJcyvsf/NQxa3rjQ==",
      "requires": {
        "ts-error": "^1.0.6"
      }
    },
    "ts-error": {
      "version": "1.0.6",
      "resolved": "https://registry.npmjs.org/ts-error/-/ts-error-1.0.6.tgz",
      "integrity": "sha512-tLJxacIQUM82IR7JO1UUkKlYuUTmoY9HBJAmNWFzheSlDS5SPMcNIepejHJa4BpPQLAcbRhRf3GDJzyj6rbKvA=="
    },
    "typescript": {
      "version": "4.5.2",
      "resolved": "https://registry.npmjs.org/typescript/-/typescript-4.5.2.tgz",
      "integrity": "sha512-5BlMof9H1yGt0P8/WF+wPNw6GfctgGjXp5hkblpyT+8rkASSmkUKMXrxR0Xg8ThVCi/JnHQiKXeBaEwCeQwMFw=="
    }
  }
}
